
Microsoft Visual Studio Solution File, Format Version 12.00
# Visual Studio 15
VisualStudioVersion = 15.0.27703.2042
MinimumVisualStudioVersion = 10.0.40219.1
Project("{FAE04EC0-301F-11D3-BF4B-00C04F79EFBC}") = "DelegatesHomeWork", "DelegatesHomeWork\DelegatesHomeWork.csproj", "{CDB8A69B-179D-48F2-981D-F5DAFE59B3FF}"
EndProject
Global
	GlobalSection(SolutionConfigurationPlatforms) = preSolution
		Debug|Any CPU = Debug|Any CPU
		Release|Any CPU = Release|Any CPU
	EndGlobalSection
	GlobalSection(ProjectConfigurationPlatforms) = postSolution
		{CDB8A69B-179D-48F2-981D-F5DAFE59B3FF}.Debug|Any CPU.ActiveCfg = Debug|Any CPU
		{CDB8A69B-179D-48F2-981D-F5DAFE59B3FF}.Debug|Any CPU.Build.0 = Debug|Any CPU
		{CDB8A69B-179D-48F2-981D-F5DAFE59B3FF}.Release|Any CPU.ActiveCfg = Release|Any CPU
		{CDB8A69B-179D-48F2-981D-F5DAFE59B3FF}.Release|Any CPU.Build.0 = Release|Any CPU
	EndGlobalSection
	GlobalSection(SolutionProperties) = preSolution
		HideSolutionNode = FALSE
	EndGlobalSection
	GlobalSection(ExtensibilityGlobals) = postSolution
		SolutionGuid = {24A6CDAF-63D2-46B8-81D7-E867B83FB963}
	EndGlobalSection
EndGlobal
